
Microsoft Visual Studio Solution File, Format Version 12.00
# Visual Studio Version 16
VisualStudioVersion = 16.0.29613.14
MinimumVisualStudioVersion = 10.0.40219.1
Project("{FAE04EC0-301F-11D3-BF4B-00C04F79EFBC}") = "SQLiteWPF", "SQLiteWPF\SQLiteWPF.csproj", "{87F2B1B2-2935-46B9-9AC1-E56E72191CC2}"
EndProject
Global
	GlobalSection(SolutionConfigurationPlatforms) = preSolution
		Debug|Any CPU = Debug|Any CPU
		Release|Any CPU = Release|Any CPU
	EndGlobalSection
	GlobalSection(ProjectConfigurationPlatforms) = postSolution
		{87F2B1B2-2935-46B9-9AC1-E56E72191CC2}.Debug|Any CPU.ActiveCfg = Debug|Any CPU
		{87F2B1B2-2935-46B9-9AC1-E56E72191CC2}.Debug|Any CPU.Build.0 = Debug|Any CPU
		{87F2B1B2-2935-46B9-9AC1-E56E72191CC2}.Release|Any CPU.ActiveCfg = Release|Any CPU
		{87F2B1B2-2935-46B9-9AC1-E56E72191CC2}.Release|Any CPU.Build.0 = Release|Any CPU
	EndGlobalSection
	GlobalSection(SolutionProperties) = preSolution
		HideSolutionNode = FALSE
	EndGlobalSection
	GlobalSection(ExtensibilityGlobals) = postSolution
		SolutionGuid = {E689EDDA-2A92-4E79-91C4-AF0F8012E1ED}
	EndGlobalSection
EndGlobal
